{
  "requires": true,
  "lockfileVersion": 1,
  "dependencies": {
    "@angular/youtube-player": {
      "version": "11.2.7",
      "resolved": "https://registry.npmjs.org/@angular/youtube-player/-/youtube-player-11.2.7.tgz",
      "integrity": "sha512-u6kUG4UTwVOyY9CgFYmy46dbrFbE77Z9p7XJcIrFVJt77bAGZ8hvaxARr3VuGO8enuuy54fCyCXa2u03fRZ60g==",
      "requires": {
        "@types/youtube": "^0.0.38",
        "tslib": "^2.0.0"
      },
      "dependencies": {
        "tslib": {
          "version": "2.2.0",
          "resolved": "https://registry.npmjs.org/tslib/-/tslib-2.2.0.tgz",
          "integrity": "sha512-gS9GVHRU+RGn5KQM2rllAlR3dU6m7AcpJKdtH8gFvQiC4Otgk98XnmMU+nZenHt/+VhnBPWwgrJsyrdcw6i23w=="
        }
      }
    },
    "@types/youtube": {
      "version": "0.0.38",
      "resolved": "https://registry.npmjs.org/@types/youtube/-/youtube-0.0.38.tgz",
      "integrity": "sha512-rS0nLlnnZIvOfBNT4957rkKRMHjHxutoVhSEzowocYgNiTMVBmN+Hbkf/L3TeGMMtts9uKZ9gw7O2JLHREVnIw=="
    },
    "angular-youtube-player": {
      "version": "1.0.3",
      "resolved": "https://registry.npmjs.org/angular-youtube-player/-/angular-youtube-player-1.0.3.tgz",
      "integrity": "sha512-wbZicjkESd0a7LRGUVmmWGgbGTtS/h6EBuXebeHtyvIUnDcnqrJ7I5ff4HtXhFGUrASVh/k7uOMNZ7+4V69OBw==",
      "requires": {
        "tslib": "^1.9.0"
      }
    },
    "cors": {
      "version": "2.8.5",
      "resolved": "https://registry.npmjs.org/cors/-/cors-2.8.5.tgz",
      "integrity": "sha512-KIHbLJqu73RGr/hnbrO9uBeixNGuvSQjul/jdFvS/KFSIH1hWVd1ng7zOHx+YrEfInLG7q4n6GHQ9cDtxv/P6g==",
      "requires": {
        "object-assign": "^4",
        "vary": "^1"
      }
    },
    "object-assign": {
      "version": "4.1.1",
      "resolved": "https://registry.npmjs.org/object-assign/-/object-assign-4.1.1.tgz",
      "integrity": "sha1-IQmtx5ZYh8/AXLvUQsrIv7s2CGM="
    },
    "tslib": {
      "version": "1.14.1",
      "resolved": "https://registry.npmjs.org/tslib/-/tslib-1.14.1.tgz",
      "integrity": "sha512-Xni35NKzjgMrwevysHTCArtLDpPvye8zV/0E4EyYn43P7/7qvQwPh9BGkHewbMulVntbigmcT7rdX3BNo9wRJg=="
    },
    "vary": {
      "version": "1.1.2",
      "resolved": "https://registry.npmjs.org/vary/-/vary-1.1.2.tgz",
      "integrity": "sha1-IpnwLG3tMNSllhsLn3RSShj2NPw="
    }
  }
}
